{
  "name": "@astral-atlas/wildspace-client-example",
  "version": "1.0.0",
  "lockfileVersion": 1,
  "requires": true,
  "dependencies": {
    "@astral-atlas/wildspace-client": {
      "version": "file:..",
      "requires": {
        "@astral-atlas/wildspace-models": "file:../../models",
        "@lukekaalim/http-client": "^2.1.0",
        "superstruct": "^0.10.12"
      },
      "dependencies": {
        "@astral-atlas/wildspace-models": {
          "version": "file:../../models",
          "dependencies": {
            "@lukekaalim/model": {
              "version": "2.1.1",
              "resolved": "https://registry.npmjs.org/@lukekaalim/model/-/model-2.1.1.tgz",
              "integrity": "sha512-dHuqk2lmSOEmp7jW8ubwhGkwmBD5eI1rzvEXk5NkYizL++ls261QcjmYXTxPPD0ywl15xu70vpR+uSrai12+6g==",
              "requires": {
                "@lukekaalim/result": "^1.1.1"
              }
            },
            "@lukekaalim/result": {
              "version": "1.1.1",
              "resolved": "https://registry.npmjs.org/@lukekaalim/result/-/result-1.1.1.tgz",
              "integrity": "sha512-+s5pierClu4IwZta8qGwCUIrcbjff40UdkSZs515aXBO+U0xf6QV+bAhS7iJzKdXXUb10OgxTgaXACb6mOwfMg=="
            },
            "@lukekaalim/schema": {
              "version": "0.6.2",
              "resolved": "https://registry.npmjs.org/@lukekaalim/schema/-/schema-0.6.2.tgz",
              "integrity": "sha512-dlJXo+u0Nf/cHaNzSHROO5muoptvg8meQ7j7GmHGNj5/ihumRkICCJixEm8UV6TQZrfSflXZrnaAEbSk20H1EQ=="
            },
            "case": {
              "version": "1.6.3",
              "resolved": "https://registry.npmjs.org/case/-/case-1.6.3.tgz",
              "integrity": "sha512-mzDSXIPaFwVDvZAHqZ9VlbyF4yyXRuX6IvB06WvPYkqJVO24kX1PPhv9bfpKNFZyxYFmmgo03HUiD8iklmJYRQ=="
            },
            "flow-bin": {
              "version": "0.133.0",
              "resolved": "https://registry.npmjs.org/flow-bin/-/flow-bin-0.133.0.tgz",
              "integrity": "sha512-01T5g8GdhtJEn+lhAwuv5zkrMStrmkuHrY3Nn9/aS9y6waNmNgimMKlzRpFH66S0F6Ez9EqU9psz5QaRveSJIA=="
            }
          }
        },
        "@lukekaalim/http-client": {
          "version": "2.1.0",
          "resolved": "https://registry.npmjs.org/@lukekaalim/http-client/-/http-client-2.1.0.tgz",
          "integrity": "sha512-NNTrZakCtBXK4Tdisw64rSAXO1TjICP5jGpIFq/e047lDAaErq868+mhbSWTxbFrnefsJlDW/+p6/5AhMSzy2w=="
        },
        "superstruct": {
          "version": "0.10.12",
          "resolved": "https://registry.npmjs.org/superstruct/-/superstruct-0.10.12.tgz",
          "integrity": "sha512-FiNhfegyytDI0QxrrEoeGknFM28SnoHqCBpkWewUm8jRNj74NVxLpiiePvkOo41Ze/aKMSHa/twWjNF81mKaQQ=="
        }
      }
    },
    "isomorphic-ws": {
      "version": "4.0.1",
      "resolved": "https://registry.npmjs.org/isomorphic-ws/-/isomorphic-ws-4.0.1.tgz",
      "integrity": "sha512-BhBvN2MBpWTaSHdWRb/bwdZJ1WaehQ2L1KngkCkfLUGF0mAWAT1sQUQacEmQ0jXkFw/czDXPNQSL5u2/Krsz1w=="
    },
    "ws": {
      "version": "7.4.1",
      "resolved": "https://registry.npmjs.org/ws/-/ws-7.4.1.tgz",
      "integrity": "sha512-pTsP8UAfhy3sk1lSk/O/s4tjD0CRwvMnzvwr4OKGX7ZvqZtUyx4KIJB5JWbkykPoc55tixMGgTNoh3k4FkNGFQ=="
    }
  }
}
