{
  "name": "@astral-atlas/wildspace-api",
  "version": "1.0.0",
  "lockfileVersion": 1,
  "requires": true,
  "dependencies": {
    "@astral-atlas/wildspace-models": {
      "version": "file:../models",
      "requires": {
        "@lukekaalim/schema": "^0.3.3",
        "case": "^1.6.3"
      },
      "dependencies": {
        "@lukekaalim/schema": {
          "version": "0.3.3",
          "resolved": "https://registry.npmjs.org/@lukekaalim/schema/-/schema-0.3.3.tgz",
          "integrity": "sha512-lSEa0MC3bq84r3YxB5spqhoDSJGB7lMytqUsFKVeyHm5j5BPIaKsKotHT6Uj660r+NBuIClJIiOBWiKjrso3pw=="
        },
        "case": {
          "version": "1.6.3",
          "resolved": "https://registry.npmjs.org/case/-/case-1.6.3.tgz",
          "integrity": "sha512-mzDSXIPaFwVDvZAHqZ9VlbyF4yyXRuX6IvB06WvPYkqJVO24kX1PPhv9bfpKNFZyxYFmmgo03HUiD8iklmJYRQ=="
        },
        "flow-bin": {
          "version": "0.133.0",
          "resolved": "https://registry.npmjs.org/flow-bin/-/flow-bin-0.133.0.tgz",
          "integrity": "sha512-01T5g8GdhtJEn+lhAwuv5zkrMStrmkuHrY3Nn9/aS9y6waNmNgimMKlzRpFH66S0F6Ez9EqU9psz5QaRveSJIA=="
        }
      }
    },
    "@lukekaalim/server": {
      "version": "5.1.0",
      "resolved": "https://registry.npmjs.org/@lukekaalim/server/-/server-5.1.0.tgz",
      "integrity": "sha512-yY5SipHyyYF3Zc8itMALgJDnO/d5fgtI+NBx7j5MU/v5cJudkt72Q0yR9TIksBT7mg2UznPFEtcqwvB41a4Hug=="
    },
    "key-creator": {
      "version": "1.3.8",
      "resolved": "https://registry.npmjs.org/key-creator/-/key-creator-1.3.8.tgz",
      "integrity": "sha512-82/pGl+BXPdxGTwsq4mCO/BOgztEix9HF8TOjvTdvz4v2WyK4nwCtXGdPV0ra7JUavPpciesyHbnz8u+Q+iXnw=="
    },
    "uuid": {
      "version": "8.3.0",
      "resolved": "https://registry.npmjs.org/uuid/-/uuid-8.3.0.tgz",
      "integrity": "sha512-fX6Z5o4m6XsXBdli9g7DtWgAx+osMsRRZFKma1mIUsLCz6vRvv+pz5VNbyu9UEDzpMWulZfvpgb/cmDXVulYFQ=="
    }
  }
}
